
Microsoft Visual Studio Solution File, Format Version 12.00
# Visual Studio Version 17
VisualStudioVersion = 17.3.32811.315
MinimumVisualStudioVersion = 10.0.40219.1
Project("{FAE04EC0-301F-11D3-BF4B-00C04F79EFBC}") = "TwitchVideosUtil", "TwitchVideosUtil.csproj", "{2F553A7C-1806-488A-966C-C89F566C4192}"
EndProject
Global
	GlobalSection(SolutionConfigurationPlatforms) = preSolution
		Debug|Any CPU = Debug|Any CPU
		Release|Any CPU = Release|Any CPU
	EndGlobalSection
	GlobalSection(ProjectConfigurationPlatforms) = postSolution
		{2F553A7C-1806-488A-966C-C89F566C4192}.Debug|Any CPU.ActiveCfg = Debug|Any CPU
		{2F553A7C-1806-488A-966C-C89F566C4192}.Debug|Any CPU.Build.0 = Debug|Any CPU
		{2F553A7C-1806-488A-966C-C89F566C4192}.Release|Any CPU.ActiveCfg = Release|Any CPU
		{2F553A7C-1806-488A-966C-C89F566C4192}.Release|Any CPU.Build.0 = Release|Any CPU
	EndGlobalSection
	GlobalSection(SolutionProperties) = preSolution
		HideSolutionNode = FALSE
	EndGlobalSection
	GlobalSection(ExtensibilityGlobals) = postSolution
		SolutionGuid = {9F197A86-8F1A-4490-9A8D-95CA9FB97B2A}
	EndGlobalSection
EndGlobal
